
Microsoft Visual Studio Solution File, Format Version 12.00
# Visual Studio Version 17
VisualStudioVersion = 17.11.35219.272
MinimumVisualStudioVersion = 10.0.40219.1
Project("{FAE04EC0-301F-11D3-BF4B-00C04F79EFBC}") = "MongodbInWebApi", "MongodbInWebApi\MongodbInWebApi.csproj", "{17E2822A-D4BE-480F-812C-E27B2031C0A6}"
EndProject
Global
	GlobalSection(SolutionConfigurationPlatforms) = preSolution
		Debug|Any CPU = Debug|Any CPU
		Release|Any CPU = Release|Any CPU
	EndGlobalSection
	GlobalSection(ProjectConfigurationPlatforms) = postSolution
		{17E2822A-D4BE-480F-812C-E27B2031C0A6}.Debug|Any CPU.ActiveCfg = Debug|Any CPU
		{17E2822A-D4BE-480F-812C-E27B2031C0A6}.Debug|Any CPU.Build.0 = Debug|Any CPU
		{17E2822A-D4BE-480F-812C-E27B2031C0A6}.Release|Any CPU.ActiveCfg = Release|Any CPU
		{17E2822A-D4BE-480F-812C-E27B2031C0A6}.Release|Any CPU.Build.0 = Release|Any CPU
	EndGlobalSection
	GlobalSection(SolutionProperties) = preSolution
		HideSolutionNode = FALSE
	EndGlobalSection
	GlobalSection(ExtensibilityGlobals) = postSolution
		SolutionGuid = {C9425E26-11DC-4615-8A9B-B240376ED8A4}
	EndGlobalSection
EndGlobal
